
Microsoft Visual Studio Solution File, Format Version 12.00
# Visual Studio Version 17
VisualStudioVersion = 17.6.33723.286
MinimumVisualStudioVersion = 10.0.40219.1
Project("{FAE04EC0-301F-11D3-BF4B-00C04F79EFBC}") = "Pizza Shop", "Pizza Shop\Pizza Shop.csproj", "{798DE17A-3919-4B4E-9AB2-87BC6E28DC59}"
EndProject
Global
	GlobalSection(SolutionConfigurationPlatforms) = preSolution
		Debug|Any CPU = Debug|Any CPU
		Release|Any CPU = Release|Any CPU
	EndGlobalSection
	GlobalSection(ProjectConfigurationPlatforms) = postSolution
		{798DE17A-3919-4B4E-9AB2-87BC6E28DC59}.Debug|Any CPU.ActiveCfg = Debug|Any CPU
		{798DE17A-3919-4B4E-9AB2-87BC6E28DC59}.Debug|Any CPU.Build.0 = Debug|Any CPU
		{798DE17A-3919-4B4E-9AB2-87BC6E28DC59}.Release|Any CPU.ActiveCfg = Release|Any CPU
		{798DE17A-3919-4B4E-9AB2-87BC6E28DC59}.Release|Any CPU.Build.0 = Release|Any CPU
	EndGlobalSection
	GlobalSection(SolutionProperties) = preSolution
		HideSolutionNode = FALSE
	EndGlobalSection
	GlobalSection(ExtensibilityGlobals) = postSolution
		SolutionGuid = {FC732585-FCA8-4861-B660-EBC05CACA868}
	EndGlobalSection
EndGlobal
